// !$*UTF8*$!
{
	archiveVersion = 1;
	classes = {
	};
	objectVersion = 55;
	objects = {

/* Begin PBXBuildFile section */
		987C0B1C28B0AE5900E9E188 /* test1.swift in Sources */ = {isa = PBXBuildFile; fileRef = 987C0B1B28B0AE5900E9E188 /* test1.swift */; };
		987C0B1E28B0AE6000E9E188 /* test2.swift in Sources */ = {isa = PBXBuildFile; fileRef = 987C0B1D28B0AE6000E9E188 /* test2.swift */; };
		987C0B2028B0AE6700E9E188 /* test3.swift in Sources */ = {isa = PBXBuildFile; fileRef = 987C0B1F28B0AE6700E9E188 /* test3.swift */; };
		987C0B2328B0AE8200E9E188 /* MainView.swift in Sources */ = {isa = PBXBuildFile; fileRef = 987C0B2228B0AE8200E9E188 /* MainView.swift */; };
		98F1BE8B28B0AD9200FA0E61 /* JunctionAsia_Lemon_SodaApp.swift in Sources */ = {isa = PBXBuildFile; fileRef = 98F1BE8A28B0AD9200FA0E61 /* JunctionAsia_Lemon_SodaApp.swift */; };
		98F1BE8D28B0AD9200FA0E61 /* ContentView.swift in Sources */ = {isa = PBXBuildFile; fileRef = 98F1BE8C28B0AD9200FA0E61 /* ContentView.swift */; };
		98F1BE8F28B0AD9200FA0E61 /* Assets.xcassets in Resources */ = {isa = PBXBuildFile; fileRef = 98F1BE8E28B0AD9200FA0E61 /* Assets.xcassets */; };
		98F1BE9228B0AD9200FA0E61 /* Preview Assets.xcassets in Resources */ = {isa = PBXBuildFile; fileRef = 98F1BE9128B0AD9200FA0E61 /* Preview Assets.xcassets */; };
		98F1BE9428B0AD9200FA0E61 /* Persistence.swift in Sources */ = {isa = PBXBuildFile; fileRef = 98F1BE9328B0AD9200FA0E61 /* Persistence.swift */; };
		98F1BE9728B0AD9200FA0E61 /* JunctionAsia_Lomon_Soda.xcdatamodeld in Sources */ = {isa = PBXBuildFile; fileRef = 98F1BE9528B0AD9200FA0E61 /* JunctionAsia_Lomon_Soda.xcdatamodeld */; };
/* End PBXBuildFile section */

/* Begin PBXFileReference section */
		987C0B1B28B0AE5900E9E188 /* test1.swift */ = {isa = PBXFileReference; lastKnownFileType = sourcecode.swift; path = test1.swift; sourceTree = "<group>"; };
		987C0B1D28B0AE6000E9E188 /* test2.swift */ = {isa = PBXFileReference; lastKnownFileType = sourcecode.swift; path = test2.swift; sourceTree = "<group>"; };
		987C0B1F28B0AE6700E9E188 /* test3.swift */ = {isa = PBXFileReference; lastKnownFileType = sourcecode.swift; path = test3.swift; sourceTree = "<group>"; };
		987C0B2228B0AE8200E9E188 /* MainView.swift */ = {isa = PBXFileReference; lastKnownFileType = sourcecode.swift; path = MainView.swift; sourceTree = "<group>"; };
		98F1BE8728B0AD9200FA0E61 /* JunctionAsia_Lomon_Soda.app */ = {isa = PBXFileReference; explicitFileType = wrapper.application; includeInIndex = 0; path = JunctionAsia_Lomon_Soda.app; sourceTree = BUILT_PRODUCTS_DIR; };
		98F1BE8A28B0AD9200FA0E61 /* JunctionAsia_Lemon_SodaApp.swift */ = {isa = PBXFileReference; lastKnownFileType = sourcecode.swift; path = JunctionAsia_Lemon_SodaApp.swift; sourceTree = "<group>"; };
		98F1BE8C28B0AD9200FA0E61 /* ContentView.swift */ = {isa = PBXFileReference; lastKnownFileType = sourcecode.swift; path = ContentView.swift; sourceTree = "<group>"; };
		98F1BE8E28B0AD9200FA0E61 /* Assets.xcassets */ = {isa = PBXFileReference; lastKnownFileType = folder.assetcatalog; path = Assets.xcassets; sourceTree = "<group>"; };
		98F1BE9128B0AD9200FA0E61 /* Preview Assets.xcassets */ = {isa = PBXFileReference; lastKnownFileType = folder.assetcatalog; path = "Preview Assets.xcassets"; sourceTree = "<group>"; };
		98F1BE9328B0AD9200FA0E61 /* Persistence.swift */ = {isa = PBXFileReference; lastKnownFileType = sourcecode.swift; path = Persistence.swift; sourceTree = "<group>"; };
		98F1BE9628B0AD9200FA0E61 /* JunctionAsia_Lomon_Soda.xcdatamodel */ = {isa = PBXFileReference; lastKnownFileType = wrapper.xcdatamodel; path = JunctionAsia_Lomon_Soda.xcdatamodel; sourceTree = "<group>"; };
/* End PBXFileReference section */

/* Begin PBXFrameworksBuildPhase section */
		98F1BE8428B0AD9200FA0E61 /* Frameworks */ = {
			isa = PBXFrameworksBuildPhase;
			buildActionMask = 2147483647;
			files = (
			);
			runOnlyForDeploymentPostprocessing = 0;
		};
/* End PBXFrameworksBuildPhase section */

/* Begin PBXGroup section */
		987C0B1828B0AE2E00E9E188 /* Global */ = {
			isa = PBXGroup;
			children = (
				987C0B1D28B0AE6000E9E188 /* test2.swift */,
			);
			path = Global;
			sourceTree = "<group>";
		};
		987C0B1928B0AE3800E9E188 /* Model */ = {
			isa = PBXGroup;
			children = (
				987C0B1B28B0AE5900E9E188 /* test1.swift */,
			);
			path = Model;
			sourceTree = "<group>";
		};
		987C0B1A28B0AE4100E9E188 /* ViewModel */ = {
			isa = PBXGroup;
			children = (
				987C0B1F28B0AE6700E9E188 /* test3.swift */,
			);
			path = ViewModel;
			sourceTree = "<group>";
		};
		987C0B2128B0AE6F00E9E188 /* View */ = {
			isa = PBXGroup;
			children = (
				987C0B2228B0AE8200E9E188 /* MainView.swift */,
			);
			path = View;
			sourceTree = "<group>";
		};
		98F1BE7E28B0AD9200FA0E61 = {
			isa = PBXGroup;
			children = (
				98F1BE8928B0AD9200FA0E61 /* JunctionAsia_Lomon_Soda */,
				98F1BE8828B0AD9200FA0E61 /* Products */,
			);
			sourceTree = "<group>";
		};
		98F1BE8828B0AD9200FA0E61 /* Products */ = {
			isa = PBXGroup;
			children = (
				98F1BE8728B0AD9200FA0E61 /* JunctionAsia_Lomon_Soda.app */,
			);
			name = Products;
			sourceTree = "<group>";
		};
		98F1BE8928B0AD9200FA0E61 /* JunctionAsia_Lomon_Soda */ = {
			isa = PBXGroup;
			children = (
				98F1BE8A28B0AD9200FA0E61 /* JunctionAsia_Lemon_SodaApp.swift */,
				98F1BE8C28B0AD9200FA0E61 /* ContentView.swift */,
				98F1BE8E28B0AD9200FA0E61 /* Assets.xcassets */,
				987C0B1828B0AE2E00E9E188 /* Global */,
				987C0B1928B0AE3800E9E188 /* Model */,
				987C0B1A28B0AE4100E9E188 /* ViewModel */,
				987C0B2128B0AE6F00E9E188 /* View */,
				98F1BE9328B0AD9200FA0E61 /* Persistence.swift */,
				98F1BE9528B0AD9200FA0E61 /* JunctionAsia_Lomon_Soda.xcdatamodeld */,
				98F1BE9028B0AD9200FA0E61 /* Preview Content */,
			);
			path = JunctionAsia_Lomon_Soda;
			sourceTree = "<group>";
		};
		98F1BE9028B0AD9200FA0E61 /* Preview Content */ = {
			isa = PBXGroup;
			children = (
				98F1BE9128B0AD9200FA0E61 /* Preview Assets.xcassets */,
			);
			path = "Preview Content";
			sourceTree = "<group>";
		};
/* End PBXGroup section */

/* Begin PBXNativeTarget section */
		98F1BE8628B0AD9200FA0E61 /* JunctionAsia_Lomon_Soda */ = {
			isa = PBXNativeTarget;
			buildConfigurationList = 98F1BE9A28B0AD9200FA0E61 /* Build configuration list for PBXNativeTarget "JunctionAsia_Lomon_Soda" */;
			buildPhases = (
				98F1BE8328B0AD9200FA0E61 /* Sources */,
				98F1BE8428B0AD9200FA0E61 /* Frameworks */,
				98F1BE8528B0AD9200FA0E61 /* Resources */,
			);
			buildRules = (
			);
			dependencies = (
			);
			name = JunctionAsia_Lomon_Soda;
			productName = JunctionAsia_Lomon_Soda;
			productReference = 98F1BE8728B0AD9200FA0E61 /* JunctionAsia_Lomon_Soda.app */;
			productType = "com.apple.product-type.application";
		};
/* End PBXNativeTarget section */

/* Begin PBXProject section */
		98F1BE7F28B0AD9200FA0E61 /* Project object */ = {
			isa = PBXProject;
			attributes = {
				BuildIndependentTargetsInParallel = 1;
				LastSwiftUpdateCheck = 1340;
				LastUpgradeCheck = 1340;
				TargetAttributes = {
					98F1BE8628B0AD9200FA0E61 = {
						CreatedOnToolsVersion = 13.4.1;
					};
				};
			};
			buildConfigurationList = 98F1BE8228B0AD9200FA0E61 /* Build configuration list for PBXProject "JunctionAsia_Lemon_Soda" */;
			compatibilityVersion = "Xcode 13.0";
			developmentRegion = en;
			hasScannedForEncodings = 0;
			knownRegions = (
				en,
				Base,
			);
			mainGroup = 98F1BE7E28B0AD9200FA0E61;
			productRefGroup = 98F1BE8828B0AD9200FA0E61 /* Products */;
			projectDirPath = "";
			projectRoot = "";
			targets = (
				98F1BE8628B0AD9200FA0E61 /* JunctionAsia_Lomon_Soda */,
			);
		};
/* End PBXProject section */

/* Begin PBXResourcesBuildPhase section */
		98F1BE8528B0AD9200FA0E61 /* Resources */ = {
			isa = PBXResourcesBuildPhase;
			buildActionMask = 2147483647;
			files = (
				98F1BE9228B0AD9200FA0E61 /* Preview Assets.xcassets in Resources */,
				98F1BE8F28B0AD9200FA0E61 /* Assets.xcassets in Resources */,
			);
			runOnlyForDeploymentPostprocessing = 0;
		};
/* End PBXResourcesBuildPhase section */

/* Begin PBXSourcesBuildPhase section */
		98F1BE8328B0AD9200FA0E61 /* Sources */ = {
			isa = PBXSourcesBuildPhase;
			buildActionMask = 2147483647;
			files = (
				98F1BE9428B0AD9200FA0E61 /* Persistence.swift in Sources */,
				987C0B2328B0AE8200E9E188 /* MainView.swift in Sources */,
				98F1BE8D28B0AD9200FA0E61 /* ContentView.swift in Sources */,
				987C0B1C28B0AE5900E9E188 /* test1.swift in Sources */,
				98F1BE9728B0AD9200FA0E61 /* JunctionAsia_Lomon_Soda.xcdatamodeld in Sources */,
				987C0B2028B0AE6700E9E188 /* test3.swift in Sources */,
				987C0B1E28B0AE6000E9E188 /* test2.swift in Sources */,
				98F1BE8B28B0AD9200FA0E61 /* JunctionAsia_Lemon_SodaApp.swift in Sources */,
			);
			runOnlyForDeploymentPostprocessing = 0;
		};
/* End PBXSourcesBuildPhase section */

/* Begin XCBuildConfiguration section */
		98F1BE9828B0AD9200FA0E61 /* Debug */ = {
			isa = XCBuildConfiguration;
			buildSettings = {
				ALWAYS_SEARCH_USER_PATHS = NO;
				CLANG_ANALYZER_NONNULL = YES;
				CLANG_ANALYZER_NUMBER_OBJECT_CONVERSION = YES_AGGRESSIVE;
				CLANG_CXX_LANGUAGE_STANDARD = "gnu++17";
				CLANG_ENABLE_MODULES = YES;
				CLANG_ENABLE_OBJC_ARC = YES;
				CLANG_ENABLE_OBJC_WEAK = YES;
				CLANG_WARN_BLOCK_CAPTURE_AUTORELEASING = YES;
				CLANG_WARN_BOOL_CONVERSION = YES;
				CLANG_WARN_COMMA = YES;
				CLANG_WARN_CONSTANT_CONVERSION = YES;
				CLANG_WARN_DEPRECATED_OBJC_IMPLEMENTATIONS = YES;
				CLANG_WARN_DIRECT_OBJC_ISA_USAGE = YES_ERROR;
				CLANG_WARN_DOCUMENTATION_COMMENTS = YES;
				CLANG_WARN_EMPTY_BODY = YES;
				CLANG_WARN_ENUM_CONVERSION = YES;
				CLANG_WARN_INFINITE_RECURSION = YES;
				CLANG_WARN_INT_CONVERSION = YES;
				CLANG_WARN_NON_LITERAL_NULL_CONVERSION = YES;
				CLANG_WARN_OBJC_IMPLICIT_RETAIN_SELF = YES;
				CLANG_WARN_OBJC_LITERAL_CONVERSION = YES;
				CLANG_WARN_OBJC_ROOT_CLASS = YES_ERROR;
				CLANG_WARN_QUOTED_INCLUDE_IN_FRAMEWORK_HEADER = YES;
				CLANG_WARN_RANGE_LOOP_ANALYSIS = YES;
				CLANG_WARN_STRICT_PROTOTYPES = YES;
				CLANG_WARN_SUSPICIOUS_MOVE = YES;
				CLANG_WARN_UNGUARDED_AVAILABILITY = YES_AGGRESSIVE;
				CLANG_WARN_UNREACHABLE_CODE = YES;
				CLANG_WARN__DUPLICATE_METHOD_MATCH = YES;
				COPY_PHASE_STRIP = NO;
				DEBUG_INFORMATION_FORMAT = dwarf;
				ENABLE_STRICT_OBJC_MSGSEND = YES;
				ENABLE_TESTABILITY = YES;
				GCC_C_LANGUAGE_STANDARD = gnu11;
				GCC_DYNAMIC_NO_PIC = NO;
				GCC_NO_COMMON_BLOCKS = YES;
				GCC_OPTIMIZATION_LEVEL = 0;
				GCC_PREPROCESSOR_DEFINITIONS = (
					"DEBUG=1",
					"$(inherited)",
				);
				GCC_WARN_64_TO_32_BIT_CONVERSION = YES;
				GCC_WARN_ABOUT_RETURN_TYPE = YES_ERROR;
				GCC_WARN_UNDECLARED_SELECTOR = YES;
				GCC_WARN_UNINITIALIZED_AUTOS = YES_AGGRESSIVE;
				GCC_WARN_UNUSED_FUNCTION = YES;
				GCC_WARN_UNUSED_VARIABLE = YES;
				IPHONEOS_DEPLOYMENT_TARGET = 15.5;
				MTL_ENABLE_DEBUG_INFO = INCLUDE_SOURCE;
				MTL_FAST_MATH = YES;
				ONLY_ACTIVE_ARCH = YES;
				SDKROOT = iphoneos;
				SWIFT_ACTIVE_COMPILATION_CONDITIONS = DEBUG;
				SWIFT_OPTIMIZATION_LEVEL = "-Onone";
			};
			name = Debug;
		};
		98F1BE9928B0AD9200FA0E61 /* Release */ = {
			isa = XCBuildConfiguration;
			buildSettings = {
				ALWAYS_SEARCH_USER_PATHS = NO;
				CLANG_ANALYZER_NONNULL = YES;
				CLANG_ANALYZER_NUMBER_OBJECT_CONVERSION = YES_AGGRESSIVE;
				CLANG_CXX_LANGUAGE_STANDARD = "gnu++17";
				CLANG_ENABLE_MODULES = YES;
				CLANG_ENABLE_OBJC_ARC = YES;
				CLANG_ENABLE_OBJC_WEAK = YES;
				CLANG_WARN_BLOCK_CAPTURE_AUTORELEASING = YES;
				CLANG_WARN_BOOL_CONVERSION = YES;
				CLANG_WARN_COMMA = YES;
				CLANG_WARN_CONSTANT_CONVERSION = YES;
				CLANG_WARN_DEPRECATED_OBJC_IMPLEMENTATIONS = YES;
				CLANG_WARN_DIRECT_OBJC_ISA_USAGE = YES_ERROR;
				CLANG_WARN_DOCUMENTATION_COMMENTS = YES;
				CLANG_WARN_EMPTY_BODY = YES;
				CLANG_WARN_ENUM_CONVERSION = YES;
				CLANG_WARN_INFINITE_RECURSION = YES;
				CLANG_WARN_INT_CONVERSION = YES;
				CLANG_WARN_NON_LITERAL_NULL_CONVERSION = YES;
				CLANG_WARN_OBJC_IMPLICIT_RETAIN_SELF = YES;
				CLANG_WARN_OBJC_LITERAL_CONVERSION = YES;
				CLANG_WARN_OBJC_ROOT_CLASS = YES_ERROR;
				CLANG_WARN_QUOTED_INCLUDE_IN_FRAMEWORK_HEADER = YES;
				CLANG_WARN_RANGE_LOOP_ANALYSIS = YES;
				CLANG_WARN_STRICT_PROTOTYPES = YES;
				CLANG_WARN_SUSPICIOUS_MOVE = YES;
				CLANG_WARN_UNGUARDED_AVAILABILITY = YES_AGGRESSIVE;
				CLANG_WARN_UNREACHABLE_CODE = YES;
				CLANG_WARN__DUPLICATE_METHOD_MATCH = YES;
				COPY_PHASE_STRIP = NO;
				DEBUG_INFORMATION_FORMAT = "dwarf-with-dsym";
				ENABLE_NS_ASSERTIONS = NO;
				ENABLE_STRICT_OBJC_MSGSEND = YES;
				GCC_C_LANGUAGE_STANDARD = gnu11;
				GCC_NO_COMMON_BLOCKS = YES;
				GCC_WARN_64_TO_32_BIT_CONVERSION = YES;
				GCC_WARN_ABOUT_RETURN_TYPE = YES_ERROR;
				GCC_WARN_UNDECLARED_SELECTOR = YES;
				GCC_WARN_UNINITIALIZED_AUTOS = YES_AGGRESSIVE;
				GCC_WARN_UNUSED_FUNCTION = YES;
				GCC_WARN_UNUSED_VARIABLE = YES;
				IPHONEOS_DEPLOYMENT_TARGET = 15.5;
				MTL_ENABLE_DEBUG_INFO = NO;
				MTL_FAST_MATH = YES;
				SDKROOT = iphoneos;
				SWIFT_COMPILATION_MODE = wholemodule;
				SWIFT_OPTIMIZATION_LEVEL = "-O";
				VALIDATE_PRODUCT = YES;
			};
			name = Release;
		};
		98F1BE9B28B0AD9200FA0E61 /* Debug */ = {
			isa = XCBuildConfiguration;
			buildSettings = {
				ASSETCATALOG_COMPILER_APPICON_NAME = AppIcon;
				ASSETCATALOG_COMPILER_GLOBAL_ACCENT_COLOR_NAME = AccentColor;
				CODE_SIGN_STYLE = Automatic;
				CURRENT_PROJECT_VERSION = 1;
				DEVELOPMENT_ASSET_PATHS = "\"JunctionAsia_Lomon_Soda/Preview Content\"";
				DEVELOPMENT_TEAM = N6LML762WM;
				ENABLE_PREVIEWS = YES;
				GENERATE_INFOPLIST_FILE = YES;
				INFOPLIST_KEY_UIApplicationSceneManifest_Generation = YES;
				INFOPLIST_KEY_UIApplicationSupportsIndirectInputEvents = YES;
				INFOPLIST_KEY_UILaunchScreen_Generation = YES;
				INFOPLIST_KEY_UISupportedInterfaceOrientations = "UIInterfaceOrientationLandscapeRight UIInterfaceOrientationLandscapeLeft";
				INFOPLIST_KEY_UISupportedInterfaceOrientations_iPad = "UIInterfaceOrientationPortrait UIInterfaceOrientationPortraitUpsideDown UIInterfaceOrientationLandscapeLeft UIInterfaceOrientationLandscapeRight";
				INFOPLIST_KEY_UISupportedInterfaceOrientations_iPhone = "UIInterfaceOrientationPortrait UIInterfaceOrientationLandscapeLeft UIInterfaceOrientationLandscapeRight";
				LD_RUNPATH_SEARCH_PATHS = (
					"$(inherited)",
					"@executable_path/Frameworks",
				);
				MARKETING_VERSION = 1.0;
				PRODUCT_BUNDLE_IDENTIFIER = "Eddy.JunctionAsia-Lomon-Soda";
				PRODUCT_NAME = "$(TARGET_NAME)";
				SWIFT_EMIT_LOC_STRINGS = YES;
				SWIFT_VERSION = 5.0;
				TARGETED_DEVICE_FAMILY = 1;
			};
			name = Debug;
		};
		98F1BE9C28B0AD9200FA0E61 /* Release */ = {
			isa = XCBuildConfiguration;
			buildSettings = {
				ASSETCATALOG_COMPILER_APPICON_NAME = AppIcon;
				ASSETCATALOG_COMPILER_GLOBAL_ACCENT_COLOR_NAME = AccentColor;
				CODE_SIGN_STYLE = Automatic;
				CURRENT_PROJECT_VERSION = 1;
				DEVELOPMENT_ASSET_PATHS = "\"JunctionAsia_Lomon_Soda/Preview Content\"";
				DEVELOPMENT_TEAM = N6LML762WM;
				ENABLE_PREVIEWS = YES;
				GENERATE_INFOPLIST_FILE = YES;
				INFOPLIST_KEY_UIApplicationSceneManifest_Generation = YES;
				INFOPLIST_KEY_UIApplicationSupportsIndirectInputEvents = YES;
				INFOPLIST_KEY_UILaunchScreen_Generation = YES;
				INFOPLIST_KEY_UISupportedInterfaceOrientations = "UIInterfaceOrientationLandscapeRight UIInterfaceOrientationLandscapeLeft";
				INFOPLIST_KEY_UISupportedInterfaceOrientations_iPad = "UIInterfaceOrientationPortrait UIInterfaceOrientationPortraitUpsideDown UIInterfaceOrientationLandscapeLeft UIInterfaceOrientationLandscapeRight";
				INFOPLIST_KEY_UISupportedInterfaceOrientations_iPhone = "UIInterfaceOrientationPortrait UIInterfaceOrientationLandscapeLeft UIInterfaceOrientationLandscapeRight";
				LD_RUNPATH_SEARCH_PATHS = (
					"$(inherited)",
					"@executable_path/Frameworks",
				);
				MARKETING_VERSION = 1.0;
				PRODUCT_BUNDLE_IDENTIFIER = "Eddy.JunctionAsia-Lomon-Soda";
				PRODUCT_NAME = "$(TARGET_NAME)";
				SWIFT_EMIT_LOC_STRINGS = YES;
				SWIFT_VERSION = 5.0;
				TARGETED_DEVICE_FAMILY = 1;
			};
			name = Release;
		};
/* End XCBuildConfiguration section */

/* Begin XCConfigurationList section */
		98F1BE8228B0AD9200FA0E61 /* Build configuration list for PBXProject "JunctionAsia_Lemon_Soda" */ = {
			isa = XCConfigurationList;
			buildConfigurations = (
				98F1BE9828B0AD9200FA0E61 /* Debug */,
				98F1BE9928B0AD9200FA0E61 /* Release */,
			);
			defaultConfigurationIsVisible = 0;
			defaultConfigurationName = Release;
		};
		98F1BE9A28B0AD9200FA0E61 /* Build configuration list for PBXNativeTarget "JunctionAsia_Lomon_Soda" */ = {
			isa = XCConfigurationList;
			buildConfigurations = (
				98F1BE9B28B0AD9200FA0E61 /* Debug */,
				98F1BE9C28B0AD9200FA0E61 /* Release */,
			);
			defaultConfigurationIsVisible = 0;
			defaultConfigurationName = Release;
		};
/* End XCConfigurationList section */

/* Begin XCVersionGroup section */
		98F1BE9528B0AD9200FA0E61 /* JunctionAsia_Lomon_Soda.xcdatamodeld */ = {
			isa = XCVersionGroup;
			children = (
				98F1BE9628B0AD9200FA0E61 /* JunctionAsia_Lomon_Soda.xcdatamodel */,
			);
			currentVersion = 98F1BE9628B0AD9200FA0E61 /* JunctionAsia_Lomon_Soda.xcdatamodel */;
			path = JunctionAsia_Lomon_Soda.xcdatamodeld;
			sourceTree = "<group>";
			versionGroupType = wrapper.xcdatamodel;
		};
/* End XCVersionGroup section */
	};
	rootObject = 98F1BE7F28B0AD9200FA0E61 /* Project object */;
}
